
Microsoft Visual Studio Solution File, Format Version 12.00
# Visual Studio Version 17
VisualStudioVersion = 17.10.35013.160
MinimumVisualStudioVersion = 10.0.40219.1
Project("{FAE04EC0-301F-11D3-BF4B-00C04F79EFBC}") = "CreateProtocol", "CreateProtocol.csproj", "{472B0F47-7FFE-48E7-B4C3-3FDD93B47979}"
EndProject
Global
	GlobalSection(SolutionConfigurationPlatforms) = preSolution
		Debug|Any CPU = Debug|Any CPU
		Release|Any CPU = Release|Any CPU
	EndGlobalSection
	GlobalSection(ProjectConfigurationPlatforms) = postSolution
		{472B0F47-7FFE-48E7-B4C3-3FDD93B47979}.Debug|Any CPU.ActiveCfg = Debug|Any CPU
		{472B0F47-7FFE-48E7-B4C3-3FDD93B47979}.Debug|Any CPU.Build.0 = Debug|Any CPU
		{472B0F47-7FFE-48E7-B4C3-3FDD93B47979}.Release|Any CPU.ActiveCfg = Release|Any CPU
		{472B0F47-7FFE-48E7-B4C3-3FDD93B47979}.Release|Any CPU.Build.0 = Release|Any CPU
	EndGlobalSection
	GlobalSection(SolutionProperties) = preSolution
		HideSolutionNode = FALSE
	EndGlobalSection
	GlobalSection(ExtensibilityGlobals) = postSolution
		SolutionGuid = {72CDE7DA-4425-418A-A977-B3A18933D3FC}
	EndGlobalSection
EndGlobal
